
Microsoft Visual Studio Solution File, Format Version 12.00
# Visual Studio Version 17
VisualStudioVersion = 17.0.31912.275
MinimumVisualStudioVersion = 10.0.40219.1
Project("{9A19103F-16F7-4668-BE54-9A1E7A4F7556}") = "solve", "solve\solve.csproj", "{E89E3922-0906-4CA8-A82B-D690586D66FA}"
EndProject
Project("{9A19103F-16F7-4668-BE54-9A1E7A4F7556}") = "Petya and Strings", "Petya and Strings\Petya and Strings.csproj", "{0A8A912F-3650-43CF-A8B0-1F217476C9F9}"
EndProject
Project("{9A19103F-16F7-4668-BE54-9A1E7A4F7556}") = "Helpful Maths", "Helpful Maths\Helpful Maths.csproj", "{AA9689FA-D246-448C-9990-60E7800311CD}"
EndProject
Project("{9A19103F-16F7-4668-BE54-9A1E7A4F7556}") = "Stones on the Table", "Stones on the Table\Stones on the Table.csproj", "{938E15B2-5543-4876-BD11-14DCF1AD1E6E}"
EndProject
Project("{9A19103F-16F7-4668-BE54-9A1E7A4F7556}") = "Football", "Football\Football.csproj", "{4F7FD8AC-20F7-4D37-A5FD-384CE0899869}"
EndProject
Project("{9A19103F-16F7-4668-BE54-9A1E7A4F7556}") = "Banana", "Banana\Banana.csproj", "{DD0F995A-A25D-49E5-9F29-6E69F0EF35A6}"
EndProject
Project("{9A19103F-16F7-4668-BE54-9A1E7A4F7556}") = "Bear", "ConsoleApp1\Bear.csproj", "{74DA8E3B-5FF7-4617-ADB7-71C52F7F4549}"
EndProject
Project("{9A19103F-16F7-4668-BE54-9A1E7A4F7556}") = "Practice", "Practice\Practice.csproj", "{13785E22-FF83-4D77-8278-DF14E7BA3DE1}"
EndProject
Project("{9A19103F-16F7-4668-BE54-9A1E7A4F7556}") = "Wrong sundtraction", "Wrong sundtraction\Wrong sundtraction.csproj", "{5184EA06-775B-471B-93AE-9A97E630824A}"
EndProject
Project("{9A19103F-16F7-4668-BE54-9A1E7A4F7556}") = "Elephent 617A", "Elephent 617A\Elephent 617A.csproj", "{E63E9583-F946-42DE-94B7-F338D91429D1}"
EndProject
Project("{9A19103F-16F7-4668-BE54-9A1E7A4F7556}") = "65-A", "65-A\65-A.csproj", "{32497E11-44CC-45F9-AEBF-E331A12B1335}"
EndProject
Project("{9A19103F-16F7-4668-BE54-9A1E7A4F7556}") = "116-A", "116-A\116-A.csproj", "{E64AC839-5D47-4811-BAA3-8864A3346921}"
EndProject
Project("{9A19103F-16F7-4668-BE54-9A1E7A4F7556}") = "133-A", "133-A\133-A.csproj", "{178B8F0F-1C72-4F71-9CAB-476F611A38BF}"
EndProject
Project("{9A19103F-16F7-4668-BE54-9A1E7A4F7556}") = "231-A", "231-A\231-A.csproj", "{1BE26B34-BA18-44EB-A263-283DAE3988DF}"
EndProject
Project("{9A19103F-16F7-4668-BE54-9A1E7A4F7556}") = "50-A", "50-A\50-A.csproj", "{CFB8D86F-E383-43AF-A988-73FCD2896471}"
EndProject
Project("{9A19103F-16F7-4668-BE54-9A1E7A4F7556}") = "281-A", "281-A\281-A.csproj", "{73BA2590-D9CE-47EE-BB3D-80BF30A4391E}"
EndProject
Project("{9A19103F-16F7-4668-BE54-9A1E7A4F7556}") = "100-A", "100-A\100-A.csproj", "{82CDCFB6-9F2F-4B3B-856C-8E967647A405}"
EndProject
Project("{9A19103F-16F7-4668-BE54-9A1E7A4F7556}") = "42-A", "42-A\42-A.csproj", "{6B05D71B-1CB6-4D7B-9127-EA17266868BF}"
EndProject
Project("{9A19103F-16F7-4668-BE54-9A1E7A4F7556}") = "734-A", "734-A\734-A.csproj", "{96D922AC-29FE-4A01-BBB7-7B72074FAF3B}"
EndProject
Project("{9A19103F-16F7-4668-BE54-9A1E7A4F7556}") = "171-A", "171-A\171-A.csproj", "{D184619A-0A63-4B80-8DA6-38EC22BD930E}"
EndProject
Project("{9A19103F-16F7-4668-BE54-9A1E7A4F7556}") = "677-A", "677-A\677-A.csproj", "{64A5A2CF-B59F-4F90-93AF-700F08882628}"
EndProject
Project("{9A19103F-16F7-4668-BE54-9A1E7A4F7556}") = "667-A", "667-A\667-A.csproj", "{99594D49-5271-40DE-87E6-8C4BBC1D2FC4}"
EndProject
Project("{9A19103F-16F7-4668-BE54-9A1E7A4F7556}") = "344-A", "344-A\344-A.csproj", "{7134B428-918B-42AE-8400-C2275C176C5B}"
EndProject
Project("{9A19103F-16F7-4668-BE54-9A1E7A4F7556}") = "1030-A", "1030-A\1030-A.csproj", "{03D1E2EE-26EE-4144-B172-665806593178}"
EndProject
Project("{9A19103F-16F7-4668-BE54-9A1E7A4F7556}") = "486-A", "486-A\486-A.csproj", "{73C239D2-C7E1-49CC-AC69-448281E557B0}"
EndProject
Project("{9A19103F-16F7-4668-BE54-9A1E7A4F7556}") = "61-A", "61-A\61-A.csproj", "{C29F80D5-4B1E-4ED4-9CB1-5339EE2C8527}"
EndProject
Project("{9A19103F-16F7-4668-BE54-9A1E7A4F7556}") = "705-A", "705-A\705-A.csproj", "{388140ED-0797-44A4-99D1-E53D8D1335D0}"
EndProject
Project("{9A19103F-16F7-4668-BE54-9A1E7A4F7556}") = "144-A", "144-A\144-A.csproj", "{5B83AC8D-4B23-4C7B-A330-DDC375F1B4B4}"
EndProject
Project("{9A19103F-16F7-4668-BE54-9A1E7A4F7556}") = "144--a", "144--a\144--a.csproj", "{B5B82BC6-3E30-402C-A2D7-7EA80163ABC6}"
EndProject
Project("{9A19103F-16F7-4668-BE54-9A1E7A4F7556}") = "1328-A", "1328-A\1328-A.csproj", "{C7AB2AA1-4A15-44CA-AD8E-58E45EAE316C}"
EndProject
Project("{9A19103F-16F7-4668-BE54-9A1E7A4F7556}") = "268-A", "443-A\268-A.csproj", "{C9C3E4CC-9862-4C5B-BED0-D2FB8038FAB8}"
EndProject
Project("{9A19103F-16F7-4668-BE54-9A1E7A4F7556}") = "520-A", "520-A\520-A.csproj", "{6774C10B-274B-4240-A029-F675B0D92980}"
EndProject
Project("{9A19103F-16F7-4668-BE54-9A1E7A4F7556}") = "785-A", "785-A\785-A.csproj", "{F102054F-1A92-424E-B2AC-939D045BFD78}"
EndProject
Project("{9A19103F-16F7-4668-BE54-9A1E7A4F7556}") = "510-A", "510-A\510-A.csproj", "{2E1D5434-DE67-429A-ADFB-438DBBF7AC39}"
EndProject
Project("{9A19103F-16F7-4668-BE54-9A1E7A4F7556}") = "155-A", "155-A\155-A.csproj", "{7DE2D21C-FE6B-402A-A53B-BA60ADEE98B4}"
EndProject
Project("{9A19103F-16F7-4668-BE54-9A1E7A4F7556}") = "581-A", "581-A\581-A.csproj", "{73AC24E6-B8E0-4965-B3CB-32459D553649}"
EndProject
Project("{9A19103F-16F7-4668-BE54-9A1E7A4F7556}") = "732-A", "732-A\732-A.csproj", "{D893A997-AD6D-4ECE-A7BB-451B27927AFC}"
EndProject
Project("{9A19103F-16F7-4668-BE54-9A1E7A4F7556}") = "472-A", "472-A\472-A.csproj", "{0235D5E6-6835-4A57-B9DA-1EF05148A570}"
EndProject
Project("{9A19103F-16F7-4668-BE54-9A1E7A4F7556}") = "1367-A", "1367-A\1367-A.csproj", "{EDA4A3D5-3B2B-41BD-A14B-23C3775D204D}"
EndProject
Project("{9A19103F-16F7-4668-BE54-9A1E7A4F7556}") = "723-A", "723-A\723-A.csproj", "{C23C075F-CED4-48F4-93D1-BEE9837C3F1A}"
EndProject
Project("{9A19103F-16F7-4668-BE54-9A1E7A4F7556}") = "432-A", "432-A\432-A.csproj", "{B328A552-6C08-44A9-96A0-D3D2302E7F3F}"
EndProject
Project("{9A19103F-16F7-4668-BE54-9A1E7A4F7556}") = "758-A", "758-A\758-A.csproj", "{BC1352A2-A45F-46ED-947E-BC30B05766A8}"
EndProject
Project("{9A19103F-16F7-4668-BE54-9A1E7A4F7556}") = "1353-B", "1353-B\1353-B.csproj", "{63BB119E-41C6-453D-8C8B-31D2EBDA8936}"
EndProject
Project("{9A19103F-16F7-4668-BE54-9A1E7A4F7556}") = "730-A", "730-A\730-A.csproj", "{623FE923-4433-4AF5-930D-49F652C65C89}"
EndProject
Project("{9A19103F-16F7-4668-BE54-9A1E7A4F7556}") = "1520-A", "1520-A\1520-A.csproj", "{59F35BE7-42DA-4453-9E28-0431AF84D166}"
EndProject
Project("{9A19103F-16F7-4668-BE54-9A1E7A4F7556}") = "Primefactor", "Primefactor\Primefactor.csproj", "{89C91B6A-F9A8-46F4-85A0-ECE0C6BBD66F}"
EndProject
Project("{9A19103F-16F7-4668-BE54-9A1E7A4F7556}") = "492-A", "492-A\492-A.csproj", "{C8764201-A6AB-49E0-AD86-273AFC2D2AE7}"
EndProject
Project("{9A19103F-16F7-4668-BE54-9A1E7A4F7556}") = "1535-A", "1535-A\1535-A.csproj", "{474B409C-F956-4925-AF9D-7A855A7B27FD}"
EndProject
Project("{9A19103F-16F7-4668-BE54-9A1E7A4F7556}") = "euler002", "euler002\euler002.csproj", "{A00D4360-0B14-431F-B5CE-411F947A877E}"
EndProject
Project("{FAE04EC0-301F-11D3-BF4B-00C04F79EFBC}") = "58. Length of Last Word", "58. Length of Last Word\58. Length of Last Word.csproj", "{FB2F9FA4-4ABE-412B-9F01-9DBB8D853964}"
EndProject
Project("{FAE04EC0-301F-11D3-BF4B-00C04F79EFBC}") = "66. Plus One", "66. Plus One\66. Plus One.csproj", "{0FA48706-91CD-42C3-BB34-B6F2A35C3697}"
EndProject
Project("{9A19103F-16F7-4668-BE54-9A1E7A4F7556}") = "Marging Two Sorten Array", "Marging Two Sorten Array\Marging Two Sorten Array.csproj", "{823FB9B2-9FA3-4170-A3F8-EF27F6735D0B}"
EndProject
Project("{9A19103F-16F7-4668-BE54-9A1E7A4F7556}") = "union,intersecton,difference", "union,intersecton,difference\union,intersecton,difference.csproj", "{3E6E2E6E-EFBB-4621-8277-F9B2CB57DB43}"
EndProject
Project("{9A19103F-16F7-4668-BE54-9A1E7A4F7556}") = "Bainary Search", "Bainary Search\Bainary Search.csproj", "{974A16C2-5AE4-4043-90F6-E71699861041}"
EndProject
Project("{9A19103F-16F7-4668-BE54-9A1E7A4F7556}") = "66. Plus One--LeetCode", "66. Plus One--LeetCode\66. Plus One--LeetCode.csproj", "{E84F7AC2-432E-4930-8613-968DAB321AA9}"
EndProject
Project("{9A19103F-16F7-4668-BE54-9A1E7A4F7556}") = "67. Add Binary Leetcode", "67. Add Binary Leetcode\67. Add Binary Leetcode.csproj", "{C2086B0D-0FA3-4F84-A45B-6DF775F9F031}"
EndProject
Project("{9A19103F-16F7-4668-BE54-9A1E7A4F7556}") = "268. Missing Number--Leetcode", "268. Missing Number--Leetcode\268. Missing Number--Leetcode.csproj", "{B96BCC27-9FBC-4752-A085-776F8AB3340B}"
EndProject
Project("{9A19103F-16F7-4668-BE54-9A1E7A4F7556}") = "448. Find All Numbers Disappeared in an Array", "448. Find All Numbers Disappeared in an Array\448. Find All Numbers Disappeared in an Array.csproj", "{9C18E2F6-428B-4E65-8445-328F99C2D572}"
EndProject
Project("{9A19103F-16F7-4668-BE54-9A1E7A4F7556}") = "Missing Element", "Missing Element\Missing Element.csproj", "{F6EA663B-85F5-43AA-8B76-1914D04E4ECC}"
EndProject
Project("{9A19103F-16F7-4668-BE54-9A1E7A4F7556}") = "102218-K", "102218-K\102218-K.csproj", "{3A6710FC-5DC9-4C8C-91D6-65EA5100EF07}"
EndProject
Project("{9A19103F-16F7-4668-BE54-9A1E7A4F7556}") = "442. Find All Duplicates in an Array", "442. Find All Duplicates in an Array\442. Find All Duplicates in an Array.csproj", "{4A53E769-B81E-4BF6-B47A-DAE1EBC60D85}"
EndProject
Project("{9A19103F-16F7-4668-BE54-9A1E7A4F7556}") = "2129. Capitalize the Title", "2129. Capitalize the Title\2129. Capitalize the Title.csproj", "{136081ED-0709-4628-90A5-8CE2E554223D}"
EndProject
Project("{9A19103F-16F7-4668-BE54-9A1E7A4F7556}") = "344. Reverse String", "344. Reverse String\344. Reverse String.csproj", "{94F1269C-E4A9-4889-8346-4A3DD8495293}"
EndProject
Project("{9A19103F-16F7-4668-BE54-9A1E7A4F7556}") = "125. Valid Palindrome", "125. Valid Palindrome\125. Valid Palindrome.csproj", "{42F76DC7-DB81-4F98-9D74-258F77732681}"
EndProject
Project("{9A19103F-16F7-4668-BE54-9A1E7A4F7556}") = "9. Palindrome Number", "9. Palindrome Number\9. Palindrome Number.csproj", "{2E94AB75-0ED9-472A-91E5-90BBB210BFCE}"
EndProject
Project("{9A19103F-16F7-4668-BE54-9A1E7A4F7556}") = "678. Valid Parenthesis String", "678. Valid Parenthesis String\678. Valid Parenthesis String.csproj", "{FAEB1AF5-8351-4F0D-86B6-97589E75611F}"
EndProject
Project("{9A19103F-16F7-4668-BE54-9A1E7A4F7556}") = "287. Find the Duplicate Number", "287. Find the Duplicate Number\287. Find the Duplicate Number.csproj", "{932272AB-3C0E-41B9-95D4-2DAC52B81353}"
EndProject
Project("{9A19103F-16F7-4668-BE54-9A1E7A4F7556}") = "316. Remove Duplicate Letters", "316. Remove Duplicate Letters\316. Remove Duplicate Letters.csproj", "{4648B507-1BD3-4F9C-B329-159115EFA14E}"
EndProject
Project("{9A19103F-16F7-4668-BE54-9A1E7A4F7556}") = "217. Contains Duplicate", "217. Contains Duplicate\217. Contains Duplicate.csproj", "{48BADF0E-7E49-4CB9-8326-2E755149EABA}"
EndProject
Project("{9A19103F-16F7-4668-BE54-9A1E7A4F7556}") = "1047. Remove All Adjacent Duplicates In String", "1047. Remove All Adjacent Duplicates In String\1047. Remove All Adjacent Duplicates In String.csproj", "{4065210A-CB87-40DC-95B0-476C85D0BC55}"
EndProject
Project("{9A19103F-16F7-4668-BE54-9A1E7A4F7556}") = "242. Valid Anagram", "242. Valid Anagram\242. Valid Anagram.csproj", "{9C39EAC4-C325-4528-BEC4-CC7C56DE0641}"
EndProject
Project("{9A19103F-16F7-4668-BE54-9A1E7A4F7556}") = "2186", "2186\2186.csproj", "{13D7AECC-7297-4D3A-9C69-3525892AF95C}"
EndProject
Project("{9A19103F-16F7-4668-BE54-9A1E7A4F7556}") = "2186. Minimum Number of Steps to Make Two Strings Anagram II", "2186. Minimum Number of Steps to Make Two Strings Anagram II\2186. Minimum Number of Steps to Make Two Strings Anagram II.csproj", "{DC436346-7BAA-4E35-A7CB-5755B466B849}"
EndProject
Project("{9A19103F-16F7-4668-BE54-9A1E7A4F7556}") = "1657. Determine if Two Strings Are Close", "1657. Determine if Two Strings Are Close\1657. Determine if Two Strings Are Close.csproj", "{B1418E02-4AF2-4FE3-88E0-45F523FB44DF}"
EndProject
Project("{9A19103F-16F7-4668-BE54-9A1E7A4F7556}") = "387. First Unique Character in a String", "387. First Unique Character in a String\387. First Unique Character in a String.csproj", "{B8404302-215D-4EC5-A3A4-64591C04B2C3}"
EndProject
Project("{9A19103F-16F7-4668-BE54-9A1E7A4F7556}") = "387. First Unique Character in a", "387. First Unique Character in a\387. First Unique Character in a.csproj", "{9B144CCA-8ED7-4E04-B2CF-6211914CA5F8}"
EndProject
Project("{9A19103F-16F7-4668-BE54-9A1E7A4F7556}") = "451. Sort Characters By Frequency", "451. Sort Characters By Frequency\451. Sort Characters By Frequency.csproj", "{EF44EB5D-BC1C-409A-91D8-FD8808708985}"
EndProject
Project("{9A19103F-16F7-4668-BE54-9A1E7A4F7556}") = "1572. Matrix Diagonal Sum", "1572. Matrix Diagonal Sum\1572. Matrix Diagonal Sum.csproj", "{AF430D0C-5CFB-4D08-BBF8-674DAD8B635C}"
EndProject
Project("{9A19103F-16F7-4668-BE54-9A1E7A4F7556}") = "2319. Check if Matrix Is X-Matrix", "2319. Check if Matrix Is X-Matrix\2319. Check if Matrix Is X-Matrix.csproj", "{36CBDD9A-990F-45A8-9AF8-7BABFD692FEF}"
EndProject
Project("{9A19103F-16F7-4668-BE54-9A1E7A4F7556}") = "383. Ransom Note", "383. Ransom Note\383. Ransom Note.csproj", "{CD79E88E-01B3-4D95-8E53-A10F616CF817}"
EndProject
Project("{9A19103F-16F7-4668-BE54-9A1E7A4F7556}") = "Triangular Pttern", "Triangular Pttern\Triangular Pttern.csproj", "{BADE137C-9D11-41AB-B0DE-4172CFA34BE8}"
EndProject
Project("{9A19103F-16F7-4668-BE54-9A1E7A4F7556}") = "Pattern-2", "Pattern-2\Pattern-2.csproj", "{653EB8CF-8C80-43CF-8D30-38065B193B9E}"
EndProject
Project("{9A19103F-16F7-4668-BE54-9A1E7A4F7556}") = "Pattern-3", "Pattern-3\Pattern-3.csproj", "{E752F67F-D5F8-43D8-946E-E8D729FE3151}"
EndProject
Project("{9A19103F-16F7-4668-BE54-9A1E7A4F7556}") = "Pattern-4", "Pattern-4\Pattern-4.csproj", "{7408B53D-F89C-4C66-BEC5-18EADBDAD803}"
EndProject
Project("{9A19103F-16F7-4668-BE54-9A1E7A4F7556}") = "Pattern-5", "Pattern-5\Pattern-5.csproj", "{1559C708-8C1E-4451-9BA4-DC94F5E68EB0}"
EndProject
Project("{9A19103F-16F7-4668-BE54-9A1E7A4F7556}") = "Pttern-6", "Pttern-6\Pttern-6.csproj", "{A8AB4247-0145-469F-BD8B-2CDB914B48F9}"
EndProject
Project("{FAE04EC0-301F-11D3-BF4B-00C04F79EFBC}") = "Pattern-7", "Pattern-7\Pattern-7.csproj", "{A9A53A81-0860-4C81-BDA3-69C21BC8324B}"
EndProject
Project("{FAE04EC0-301F-11D3-BF4B-00C04F79EFBC}") = "Pattern-8", "Pattern-8\Pattern-8.csproj", "{F948C258-6F0A-45E5-BE81-E3E5B5076D93}"
EndProject
Project("{FAE04EC0-301F-11D3-BF4B-00C04F79EFBC}") = "Pattern-9", "Pattern-9\Pattern-9.csproj", "{7DAABCDA-8253-411B-86E5-5D9C92EC7479}"
EndProject
Project("{FAE04EC0-301F-11D3-BF4B-00C04F79EFBC}") = "Pattern-10", "Pattern-10\Pattern-10.csproj", "{C41DDB59-9A70-4B9D-9C46-F7B60BD12F33}"
EndProject
Project("{FAE04EC0-301F-11D3-BF4B-00C04F79EFBC}") = "Pattern-11", "Pattern-11\Pattern-11.csproj", "{8FF237FA-9D4E-4E66-A8E9-EBBA59C3CA0A}"
EndProject
Project("{FAE04EC0-301F-11D3-BF4B-00C04F79EFBC}") = "Pattern-12", "Pattern-12\Pattern-12.csproj", "{7502A1C0-549C-4AF3-B3BB-FD775E5E4359}"
EndProject
Project("{FAE04EC0-301F-11D3-BF4B-00C04F79EFBC}") = "Pattern-13", "Pattern-13\Pattern-13.csproj", "{6741C1EC-D8F3-4B11-B1ED-6ED9DF4944D7}"
EndProject
Project("{FAE04EC0-301F-11D3-BF4B-00C04F79EFBC}") = "Pattern-14", "Pattern-14\Pattern-14.csproj", "{21C65EE0-06C2-4B5D-88F8-2A5F05F0009B}"
EndProject
Global
	GlobalSection(SolutionConfigurationPlatforms) = preSolution
		Debug|Any CPU = Debug|Any CPU
		Release|Any CPU = Release|Any CPU
	EndGlobalSection
	GlobalSection(ProjectConfigurationPlatforms) = postSolution
		{E89E3922-0906-4CA8-A82B-D690586D66FA}.Debug|Any CPU.ActiveCfg = Debug|Any CPU
		{E89E3922-0906-4CA8-A82B-D690586D66FA}.Debug|Any CPU.Build.0 = Debug|Any CPU
		{E89E3922-0906-4CA8-A82B-D690586D66FA}.Release|Any CPU.ActiveCfg = Release|Any CPU
		{E89E3922-0906-4CA8-A82B-D690586D66FA}.Release|Any CPU.Build.0 = Release|Any CPU
		{0A8A912F-3650-43CF-A8B0-1F217476C9F9}.Debug|Any CPU.ActiveCfg = Debug|Any CPU
		{0A8A912F-3650-43CF-A8B0-1F217476C9F9}.Debug|Any CPU.Build.0 = Debug|Any CPU
		{0A8A912F-3650-43CF-A8B0-1F217476C9F9}.Release|Any CPU.ActiveCfg = Release|Any CPU
		{0A8A912F-3650-43CF-A8B0-1F217476C9F9}.Release|Any CPU.Build.0 = Release|Any CPU
		{AA9689FA-D246-448C-9990-60E7800311CD}.Debug|Any CPU.ActiveCfg = Debug|Any CPU
		{AA9689FA-D246-448C-9990-60E7800311CD}.Debug|Any CPU.Build.0 = Debug|Any CPU
		{AA9689FA-D246-448C-9990-60E7800311CD}.Release|Any CPU.ActiveCfg = Release|Any CPU
		{AA9689FA-D246-448C-9990-60E7800311CD}.Release|Any CPU.Build.0 = Release|Any CPU
		{938E15B2-5543-4876-BD11-14DCF1AD1E6E}.Debug|Any CPU.ActiveCfg = Debug|Any CPU
		{938E15B2-5543-4876-BD11-14DCF1AD1E6E}.Debug|Any CPU.Build.0 = Debug|Any CPU
		{938E15B2-5543-4876-BD11-14DCF1AD1E6E}.Release|Any CPU.ActiveCfg = Release|Any CPU
		{938E15B2-5543-4876-BD11-14DCF1AD1E6E}.Release|Any CPU.Build.0 = Release|Any CPU
		{4F7FD8AC-20F7-4D37-A5FD-384CE0899869}.Debug|Any CPU.ActiveCfg = Debug|Any CPU
		{4F7FD8AC-20F7-4D37-A5FD-384CE0899869}.Debug|Any CPU.Build.0 = Debug|Any CPU
		{4F7FD8AC-20F7-4D37-A5FD-384CE0899869}.Release|Any CPU.ActiveCfg = Release|Any CPU
		{4F7FD8AC-20F7-4D37-A5FD-384CE0899869}.Release|Any CPU.Build.0 = Release|Any CPU
		{DD0F995A-A25D-49E5-9F29-6E69F0EF35A6}.Debug|Any CPU.ActiveCfg = Debug|Any CPU
		{DD0F995A-A25D-49E5-9F29-6E69F0EF35A6}.Debug|Any CPU.Build.0 = Debug|Any CPU
		{DD0F995A-A25D-49E5-9F29-6E69F0EF35A6}.Release|Any CPU.ActiveCfg = Release|Any CPU
		{DD0F995A-A25D-49E5-9F29-6E69F0EF35A6}.Release|Any CPU.Build.0 = Release|Any CPU
		{74DA8E3B-5FF7-4617-ADB7-71C52F7F4549}.Debug|Any CPU.ActiveCfg = Debug|Any CPU
		{74DA8E3B-5FF7-4617-ADB7-71C52F7F4549}.Debug|Any CPU.Build.0 = Debug|Any CPU
		{74DA8E3B-5FF7-4617-ADB7-71C52F7F4549}.Release|Any CPU.ActiveCfg = Release|Any CPU
		{74DA8E3B-5FF7-4617-ADB7-71C52F7F4549}.Release|Any CPU.Build.0 = Release|Any CPU
		{13785E22-FF83-4D77-8278-DF14E7BA3DE1}.Debug|Any CPU.ActiveCfg = Debug|Any CPU
		{13785E22-FF83-4D77-8278-DF14E7BA3DE1}.Debug|Any CPU.Build.0 = Debug|Any CPU
		{13785E22-FF83-4D77-8278-DF14E7BA3DE1}.Release|Any CPU.ActiveCfg = Release|Any CPU
		{13785E22-FF83-4D77-8278-DF14E7BA3DE1}.Release|Any CPU.Build.0 = Release|Any CPU
		{5184EA06-775B-471B-93AE-9A97E630824A}.Debug|Any CPU.ActiveCfg = Debug|Any CPU
		{5184EA06-775B-471B-93AE-9A97E630824A}.Debug|Any CPU.Build.0 = Debug|Any CPU
		{5184EA06-775B-471B-93AE-9A97E630824A}.Release|Any CPU.ActiveCfg = Release|Any CPU
		{5184EA06-775B-471B-93AE-9A97E630824A}.Release|Any CPU.Build.0 = Release|Any CPU
		{E63E9583-F946-42DE-94B7-F338D91429D1}.Debug|Any CPU.ActiveCfg = Debug|Any CPU
		{E63E9583-F946-42DE-94B7-F338D91429D1}.Debug|Any CPU.Build.0 = Debug|Any CPU
		{E63E9583-F946-42DE-94B7-F338D91429D1}.Release|Any CPU.ActiveCfg = Release|Any CPU
		{E63E9583-F946-42DE-94B7-F338D91429D1}.Release|Any CPU.Build.0 = Release|Any CPU
		{32497E11-44CC-45F9-AEBF-E331A12B1335}.Debug|Any CPU.ActiveCfg = Debug|Any CPU
		{32497E11-44CC-45F9-AEBF-E331A12B1335}.Debug|Any CPU.Build.0 = Debug|Any CPU
		{32497E11-44CC-45F9-AEBF-E331A12B1335}.Release|Any CPU.ActiveCfg = Release|Any CPU
		{32497E11-44CC-45F9-AEBF-E331A12B1335}.Release|Any CPU.Build.0 = Release|Any CPU
		{E64AC839-5D47-4811-BAA3-8864A3346921}.Debug|Any CPU.ActiveCfg = Debug|Any CPU
		{E64AC839-5D47-4811-BAA3-8864A3346921}.Debug|Any CPU.Build.0 = Debug|Any CPU
		{E64AC839-5D47-4811-BAA3-8864A3346921}.Release|Any CPU.ActiveCfg = Release|Any CPU
		{E64AC839-5D47-4811-BAA3-8864A3346921}.Release|Any CPU.Build.0 = Release|Any CPU
		{178B8F0F-1C72-4F71-9CAB-476F611A38BF}.Debug|Any CPU.ActiveCfg = Debug|Any CPU
		{178B8F0F-1C72-4F71-9CAB-476F611A38BF}.Debug|Any CPU.Build.0 = Debug|Any CPU
		{178B8F0F-1C72-4F71-9CAB-476F611A38BF}.Release|Any CPU.ActiveCfg = Release|Any CPU
		{178B8F0F-1C72-4F71-9CAB-476F611A38BF}.Release|Any CPU.Build.0 = Release|Any CPU
		{1BE26B34-BA18-44EB-A263-283DAE3988DF}.Debug|Any CPU.ActiveCfg = Debug|Any CPU
		{1BE26B34-BA18-44EB-A263-283DAE3988DF}.Debug|Any CPU.Build.0 = Debug|Any CPU
		{1BE26B34-BA18-44EB-A263-283DAE3988DF}.Release|Any CPU.ActiveCfg = Release|Any CPU
		{1BE26B34-BA18-44EB-A263-283DAE3988DF}.Release|Any CPU.Build.0 = Release|Any CPU
		{CFB8D86F-E383-43AF-A988-73FCD2896471}.Debug|Any CPU.ActiveCfg = Debug|Any CPU
		{CFB8D86F-E383-43AF-A988-73FCD2896471}.Debug|Any CPU.Build.0 = Debug|Any CPU
		{CFB8D86F-E383-43AF-A988-73FCD2896471}.Release|Any CPU.ActiveCfg = Release|Any CPU
		{CFB8D86F-E383-43AF-A988-73FCD2896471}.Release|Any CPU.Build.0 = Release|Any CPU
		{73BA2590-D9CE-47EE-BB3D-80BF30A4391E}.Debug|Any CPU.ActiveCfg = Debug|Any CPU
		{73BA2590-D9CE-47EE-BB3D-80BF30A4391E}.Debug|Any CPU.Build.0 = Debug|Any CPU
		{73BA2590-D9CE-47EE-BB3D-80BF30A4391E}.Release|Any CPU.ActiveCfg = Release|Any CPU
		{73BA2590-D9CE-47EE-BB3D-80BF30A4391E}.Release|Any CPU.Build.0 = Release|Any CPU
		{82CDCFB6-9F2F-4B3B-856C-8E967647A405}.Debug|Any CPU.ActiveCfg = Debug|Any CPU
		{82CDCFB6-9F2F-4B3B-856C-8E967647A405}.Debug|Any CPU.Build.0 = Debug|Any CPU
		{82CDCFB6-9F2F-4B3B-856C-8E967647A405}.Release|Any CPU.ActiveCfg = Release|Any CPU
		{82CDCFB6-9F2F-4B3B-856C-8E967647A405}.Release|Any CPU.Build.0 = Release|Any CPU
		{6B05D71B-1CB6-4D7B-9127-EA17266868BF}.Debug|Any CPU.ActiveCfg = Debug|Any CPU
		{6B05D71B-1CB6-4D7B-9127-EA17266868BF}.Debug|Any CPU.Build.0 = Debug|Any CPU
		{6B05D71B-1CB6-4D7B-9127-EA17266868BF}.Release|Any CPU.ActiveCfg = Release|Any CPU
		{6B05D71B-1CB6-4D7B-9127-EA17266868BF}.Release|Any CPU.Build.0 = Release|Any CPU
		{96D922AC-29FE-4A01-BBB7-7B72074FAF3B}.Debug|Any CPU.ActiveCfg = Debug|Any CPU
		{96D922AC-29FE-4A01-BBB7-7B72074FAF3B}.Debug|Any CPU.Build.0 = Debug|Any CPU
		{96D922AC-29FE-4A01-BBB7-7B72074FAF3B}.Release|Any CPU.ActiveCfg = Release|Any CPU
		{96D922AC-29FE-4A01-BBB7-7B72074FAF3B}.Release|Any CPU.Build.0 = Release|Any CPU
		{D184619A-0A63-4B80-8DA6-38EC22BD930E}.Debug|Any CPU.ActiveCfg = Debug|Any CPU
		{D184619A-0A63-4B80-8DA6-38EC22BD930E}.Debug|Any CPU.Build.0 = Debug|Any CPU
		{D184619A-0A63-4B80-8DA6-38EC22BD930E}.Release|Any CPU.ActiveCfg = Release|Any CPU
		{D184619A-0A63-4B80-8DA6-38EC22BD930E}.Release|Any CPU.Build.0 = Release|Any CPU
		{64A5A2CF-B59F-4F90-93AF-700F08882628}.Debug|Any CPU.ActiveCfg = Debug|Any CPU
		{64A5A2CF-B59F-4F90-93AF-700F08882628}.Debug|Any CPU.Build.0 = Debug|Any CPU
		{64A5A2CF-B59F-4F90-93AF-700F08882628}.Release|Any CPU.ActiveCfg = Release|Any CPU
		{64A5A2CF-B59F-4F90-93AF-700F08882628}.Release|Any CPU.Build.0 = Release|Any CPU
		{99594D49-5271-40DE-87E6-8C4BBC1D2FC4}.Debug|Any CPU.ActiveCfg = Debug|Any CPU
		{99594D49-5271-40DE-87E6-8C4BBC1D2FC4}.Debug|Any CPU.Build.0 = Debug|Any CPU
		{99594D49-5271-40DE-87E6-8C4BBC1D2FC4}.Release|Any CPU.ActiveCfg = Release|Any CPU
		{99594D49-5271-40DE-87E6-8C4BBC1D2FC4}.Release|Any CPU.Build.0 = Release|Any CPU
		{7134B428-918B-42AE-8400-C2275C176C5B}.Debug|Any CPU.ActiveCfg = Debug|Any CPU
		{7134B428-918B-42AE-8400-C2275C176C5B}.Debug|Any CPU.Build.0 = Debug|Any CPU
		{7134B428-918B-42AE-8400-C2275C176C5B}.Release|Any CPU.ActiveCfg = Release|Any CPU
		{7134B428-918B-42AE-8400-C2275C176C5B}.Release|Any CPU.Build.0 = Release|Any CPU
		{03D1E2EE-26EE-4144-B172-665806593178}.Debug|Any CPU.ActiveCfg = Debug|Any CPU
		{03D1E2EE-26EE-4144-B172-665806593178}.Debug|Any CPU.Build.0 = Debug|Any CPU
		{03D1E2EE-26EE-4144-B172-665806593178}.Release|Any CPU.ActiveCfg = Release|Any CPU
		{03D1E2EE-26EE-4144-B172-665806593178}.Release|Any CPU.Build.0 = Release|Any CPU
		{73C239D2-C7E1-49CC-AC69-448281E557B0}.Debug|Any CPU.ActiveCfg = Debug|Any CPU
		{73C239D2-C7E1-49CC-AC69-448281E557B0}.Debug|Any CPU.Build.0 = Debug|Any CPU
		{73C239D2-C7E1-49CC-AC69-448281E557B0}.Release|Any CPU.ActiveCfg = Release|Any CPU
		{73C239D2-C7E1-49CC-AC69-448281E557B0}.Release|Any CPU.Build.0 = Release|Any CPU
		{C29F80D5-4B1E-4ED4-9CB1-5339EE2C8527}.Debug|Any CPU.ActiveCfg = Debug|Any CPU
		{C29F80D5-4B1E-4ED4-9CB1-5339EE2C8527}.Debug|Any CPU.Build.0 = Debug|Any CPU
		{C29F80D5-4B1E-4ED4-9CB1-5339EE2C8527}.Release|Any CPU.ActiveCfg = Release|Any CPU
		{C29F80D5-4B1E-4ED4-9CB1-5339EE2C8527}.Release|Any CPU.Build.0 = Release|Any CPU
		{388140ED-0797-44A4-99D1-E53D8D1335D0}.Debug|Any CPU.ActiveCfg = Debug|Any CPU
		{388140ED-0797-44A4-99D1-E53D8D1335D0}.Debug|Any CPU.Build.0 = Debug|Any CPU
		{388140ED-0797-44A4-99D1-E53D8D1335D0}.Release|Any CPU.ActiveCfg = Release|Any CPU
		{388140ED-0797-44A4-99D1-E53D8D1335D0}.Release|Any CPU.Build.0 = Release|Any CPU
		{5B83AC8D-4B23-4C7B-A330-DDC375F1B4B4}.Debug|Any CPU.ActiveCfg = Debug|Any CPU
		{5B83AC8D-4B23-4C7B-A330-DDC375F1B4B4}.Debug|Any CPU.Build.0 = Debug|Any CPU
		{5B83AC8D-4B23-4C7B-A330-DDC375F1B4B4}.Release|Any CPU.ActiveCfg = Release|Any CPU
		{5B83AC8D-4B23-4C7B-A330-DDC375F1B4B4}.Release|Any CPU.Build.0 = Release|Any CPU
		{B5B82BC6-3E30-402C-A2D7-7EA80163ABC6}.Debug|Any CPU.ActiveCfg = Debug|Any CPU
		{B5B82BC6-3E30-402C-A2D7-7EA80163ABC6}.Debug|Any CPU.Build.0 = Debug|Any CPU
		{B5B82BC6-3E30-402C-A2D7-7EA80163ABC6}.Release|Any CPU.ActiveCfg = Release|Any CPU
		{B5B82BC6-3E30-402C-A2D7-7EA80163ABC6}.Release|Any CPU.Build.0 = Release|Any CPU
		{C7AB2AA1-4A15-44CA-AD8E-58E45EAE316C}.Debug|Any CPU.ActiveCfg = Debug|Any CPU
		{C7AB2AA1-4A15-44CA-AD8E-58E45EAE316C}.Debug|Any CPU.Build.0 = Debug|Any CPU
		{C7AB2AA1-4A15-44CA-AD8E-58E45EAE316C}.Release|Any CPU.ActiveCfg = Release|Any CPU
		{C7AB2AA1-4A15-44CA-AD8E-58E45EAE316C}.Release|Any CPU.Build.0 = Release|Any CPU
		{C9C3E4CC-9862-4C5B-BED0-D2FB8038FAB8}.Debug|Any CPU.ActiveCfg = Debug|Any CPU
		{C9C3E4CC-9862-4C5B-BED0-D2FB8038FAB8}.Debug|Any CPU.Build.0 = Debug|Any CPU
		{C9C3E4CC-9862-4C5B-BED0-D2FB8038FAB8}.Release|Any CPU.ActiveCfg = Release|Any CPU
		{C9C3E4CC-9862-4C5B-BED0-D2FB8038FAB8}.Release|Any CPU.Build.0 = Release|Any CPU
		{6774C10B-274B-4240-A029-F675B0D92980}.Debug|Any CPU.ActiveCfg = Debug|Any CPU
		{6774C10B-274B-4240-A029-F675B0D92980}.Debug|Any CPU.Build.0 = Debug|Any CPU
		{6774C10B-274B-4240-A029-F675B0D92980}.Release|Any CPU.ActiveCfg = Release|Any CPU
		{6774C10B-274B-4240-A029-F675B0D92980}.Release|Any CPU.Build.0 = Release|Any CPU
		{F102054F-1A92-424E-B2AC-939D045BFD78}.Debug|Any CPU.ActiveCfg = Debug|Any CPU
		{F102054F-1A92-424E-B2AC-939D045BFD78}.Debug|Any CPU.Build.0 = Debug|Any CPU
		{F102054F-1A92-424E-B2AC-939D045BFD78}.Release|Any CPU.ActiveCfg = Release|Any CPU
		{F102054F-1A92-424E-B2AC-939D045BFD78}.Release|Any CPU.Build.0 = Release|Any CPU
		{2E1D5434-DE67-429A-ADFB-438DBBF7AC39}.Debug|Any CPU.ActiveCfg = Debug|Any CPU
		{2E1D5434-DE67-429A-ADFB-438DBBF7AC39}.Debug|Any CPU.Build.0 = Debug|Any CPU
		{2E1D5434-DE67-429A-ADFB-438DBBF7AC39}.Release|Any CPU.ActiveCfg = Release|Any CPU
		{2E1D5434-DE67-429A-ADFB-438DBBF7AC39}.Release|Any CPU.Build.0 = Release|Any CPU
		{7DE2D21C-FE6B-402A-A53B-BA60ADEE98B4}.Debug|Any CPU.ActiveCfg = Debug|Any CPU
		{7DE2D21C-FE6B-402A-A53B-BA60ADEE98B4}.Debug|Any CPU.Build.0 = Debug|Any CPU
		{7DE2D21C-FE6B-402A-A53B-BA60ADEE98B4}.Release|Any CPU.ActiveCfg = Release|Any CPU
		{7DE2D21C-FE6B-402A-A53B-BA60ADEE98B4}.Release|Any CPU.Build.0 = Release|Any CPU
		{73AC24E6-B8E0-4965-B3CB-32459D553649}.Debug|Any CPU.ActiveCfg = Debug|Any CPU
		{73AC24E6-B8E0-4965-B3CB-32459D553649}.Debug|Any CPU.Build.0 = Debug|Any CPU
		{73AC24E6-B8E0-4965-B3CB-32459D553649}.Release|Any CPU.ActiveCfg = Release|Any CPU
		{73AC24E6-B8E0-4965-B3CB-32459D553649}.Release|Any CPU.Build.0 = Release|Any CPU
		{D893A997-AD6D-4ECE-A7BB-451B27927AFC}.Debug|Any CPU.ActiveCfg = Debug|Any CPU
		{D893A997-AD6D-4ECE-A7BB-451B27927AFC}.Debug|Any CPU.Build.0 = Debug|Any CPU
		{D893A997-AD6D-4ECE-A7BB-451B27927AFC}.Release|Any CPU.ActiveCfg = Release|Any CPU
		{D893A997-AD6D-4ECE-A7BB-451B27927AFC}.Release|Any CPU.Build.0 = Release|Any CPU
		{0235D5E6-6835-4A57-B9DA-1EF05148A570}.Debug|Any CPU.ActiveCfg = Debug|Any CPU
		{0235D5E6-6835-4A57-B9DA-1EF05148A570}.Debug|Any CPU.Build.0 = Debug|Any CPU
		{0235D5E6-6835-4A57-B9DA-1EF05148A570}.Release|Any CPU.ActiveCfg = Release|Any CPU
		{0235D5E6-6835-4A57-B9DA-1EF05148A570}.Release|Any CPU.Build.0 = Release|Any CPU
		{EDA4A3D5-3B2B-41BD-A14B-23C3775D204D}.Debug|Any CPU.ActiveCfg = Debug|Any CPU
		{EDA4A3D5-3B2B-41BD-A14B-23C3775D204D}.Debug|Any CPU.Build.0 = Debug|Any CPU
		{EDA4A3D5-3B2B-41BD-A14B-23C3775D204D}.Release|Any CPU.ActiveCfg = Release|Any CPU
		{EDA4A3D5-3B2B-41BD-A14B-23C3775D204D}.Release|Any CPU.Build.0 = Release|Any CPU
		{C23C075F-CED4-48F4-93D1-BEE9837C3F1A}.Debug|Any CPU.ActiveCfg = Debug|Any CPU
		{C23C075F-CED4-48F4-93D1-BEE9837C3F1A}.Debug|Any CPU.Build.0 = Debug|Any CPU
		{C23C075F-CED4-48F4-93D1-BEE9837C3F1A}.Release|Any CPU.ActiveCfg = Release|Any CPU
		{C23C075F-CED4-48F4-93D1-BEE9837C3F1A}.Release|Any CPU.Build.0 = Release|Any CPU
		{B328A552-6C08-44A9-96A0-D3D2302E7F3F}.Debug|Any CPU.ActiveCfg = Debug|Any CPU
		{B328A552-6C08-44A9-96A0-D3D2302E7F3F}.Debug|Any CPU.Build.0 = Debug|Any CPU
		{B328A552-6C08-44A9-96A0-D3D2302E7F3F}.Release|Any CPU.ActiveCfg = Release|Any CPU
		{B328A552-6C08-44A9-96A0-D3D2302E7F3F}.Release|Any CPU.Build.0 = Release|Any CPU
		{BC1352A2-A45F-46ED-947E-BC30B05766A8}.Debug|Any CPU.ActiveCfg = Debug|Any CPU
		{BC1352A2-A45F-46ED-947E-BC30B05766A8}.Debug|Any CPU.Build.0 = Debug|Any CPU
		{BC1352A2-A45F-46ED-947E-BC30B05766A8}.Release|Any CPU.ActiveCfg = Release|Any CPU
		{BC1352A2-A45F-46ED-947E-BC30B05766A8}.Release|Any CPU.Build.0 = Release|Any CPU
		{63BB119E-41C6-453D-8C8B-31D2EBDA8936}.Debug|Any CPU.ActiveCfg = Debug|Any CPU
		{63BB119E-41C6-453D-8C8B-31D2EBDA8936}.Debug|Any CPU.Build.0 = Debug|Any CPU
		{63BB119E-41C6-453D-8C8B-31D2EBDA8936}.Release|Any CPU.ActiveCfg = Release|Any CPU
		{63BB119E-41C6-453D-8C8B-31D2EBDA8936}.Release|Any CPU.Build.0 = Release|Any CPU
		{623FE923-4433-4AF5-930D-49F652C65C89}.Debug|Any CPU.ActiveCfg = Debug|Any CPU
		{623FE923-4433-4AF5-930D-49F652C65C89}.Debug|Any CPU.Build.0 = Debug|Any CPU
		{623FE923-4433-4AF5-930D-49F652C65C89}.Release|Any CPU.ActiveCfg = Release|Any CPU
		{623FE923-4433-4AF5-930D-49F652C65C89}.Release|Any CPU.Build.0 = Release|Any CPU
		{59F35BE7-42DA-4453-9E28-0431AF84D166}.Debug|Any CPU.ActiveCfg = Debug|Any CPU
		{59F35BE7-42DA-4453-9E28-0431AF84D166}.Debug|Any CPU.Build.0 = Debug|Any CPU
		{59F35BE7-42DA-4453-9E28-0431AF84D166}.Release|Any CPU.ActiveCfg = Release|Any CPU
		{59F35BE7-42DA-4453-9E28-0431AF84D166}.Release|Any CPU.Build.0 = Release|Any CPU
		{89C91B6A-F9A8-46F4-85A0-ECE0C6BBD66F}.Debug|Any CPU.ActiveCfg = Debug|Any CPU
		{89C91B6A-F9A8-46F4-85A0-ECE0C6BBD66F}.Debug|Any CPU.Build.0 = Debug|Any CPU
		{89C91B6A-F9A8-46F4-85A0-ECE0C6BBD66F}.Release|Any CPU.ActiveCfg = Release|Any CPU
		{89C91B6A-F9A8-46F4-85A0-ECE0C6BBD66F}.Release|Any CPU.Build.0 = Release|Any CPU
		{C8764201-A6AB-49E0-AD86-273AFC2D2AE7}.Debug|Any CPU.ActiveCfg = Debug|Any CPU
		{C8764201-A6AB-49E0-AD86-273AFC2D2AE7}.Debug|Any CPU.Build.0 = Debug|Any CPU
		{C8764201-A6AB-49E0-AD86-273AFC2D2AE7}.Release|Any CPU.ActiveCfg = Release|Any CPU
		{C8764201-A6AB-49E0-AD86-273AFC2D2AE7}.Release|Any CPU.Build.0 = Release|Any CPU
		{474B409C-F956-4925-AF9D-7A855A7B27FD}.Debug|Any CPU.ActiveCfg = Debug|Any CPU
		{474B409C-F956-4925-AF9D-7A855A7B27FD}.Debug|Any CPU.Build.0 = Debug|Any CPU
		{474B409C-F956-4925-AF9D-7A855A7B27FD}.Release|Any CPU.ActiveCfg = Release|Any CPU
		{474B409C-F956-4925-AF9D-7A855A7B27FD}.Release|Any CPU.Build.0 = Release|Any CPU
		{A00D4360-0B14-431F-B5CE-411F947A877E}.Debug|Any CPU.ActiveCfg = Debug|Any CPU
		{A00D4360-0B14-431F-B5CE-411F947A877E}.Debug|Any CPU.Build.0 = Debug|Any CPU
		{A00D4360-0B14-431F-B5CE-411F947A877E}.Release|Any CPU.ActiveCfg = Release|Any CPU
		{A00D4360-0B14-431F-B5CE-411F947A877E}.Release|Any CPU.Build.0 = Release|Any CPU
		{FB2F9FA4-4ABE-412B-9F01-9DBB8D853964}.Debug|Any CPU.ActiveCfg = Debug|Any CPU
		{FB2F9FA4-4ABE-412B-9F01-9DBB8D853964}.Debug|Any CPU.Build.0 = Debug|Any CPU
		{FB2F9FA4-4ABE-412B-9F01-9DBB8D853964}.Release|Any CPU.ActiveCfg = Release|Any CPU
		{FB2F9FA4-4ABE-412B-9F01-9DBB8D853964}.Release|Any CPU.Build.0 = Release|Any CPU
		{0FA48706-91CD-42C3-BB34-B6F2A35C3697}.Debug|Any CPU.ActiveCfg = Debug|Any CPU
		{0FA48706-91CD-42C3-BB34-B6F2A35C3697}.Debug|Any CPU.Build.0 = Debug|Any CPU
		{0FA48706-91CD-42C3-BB34-B6F2A35C3697}.Release|Any CPU.ActiveCfg = Release|Any CPU
		{0FA48706-91CD-42C3-BB34-B6F2A35C3697}.Release|Any CPU.Build.0 = Release|Any CPU
		{823FB9B2-9FA3-4170-A3F8-EF27F6735D0B}.Debug|Any CPU.ActiveCfg = Debug|Any CPU
		{823FB9B2-9FA3-4170-A3F8-EF27F6735D0B}.Debug|Any CPU.Build.0 = Debug|Any CPU
		{823FB9B2-9FA3-4170-A3F8-EF27F6735D0B}.Release|Any CPU.ActiveCfg = Release|Any CPU
		{823FB9B2-9FA3-4170-A3F8-EF27F6735D0B}.Release|Any CPU.Build.0 = Release|Any CPU
		{3E6E2E6E-EFBB-4621-8277-F9B2CB57DB43}.Debug|Any CPU.ActiveCfg = Debug|Any CPU
		{3E6E2E6E-EFBB-4621-8277-F9B2CB57DB43}.Debug|Any CPU.Build.0 = Debug|Any CPU
		{3E6E2E6E-EFBB-4621-8277-F9B2CB57DB43}.Release|Any CPU.ActiveCfg = Release|Any CPU
		{3E6E2E6E-EFBB-4621-8277-F9B2CB57DB43}.Release|Any CPU.Build.0 = Release|Any CPU
		{974A16C2-5AE4-4043-90F6-E71699861041}.Debug|Any CPU.ActiveCfg = Debug|Any CPU
		{974A16C2-5AE4-4043-90F6-E71699861041}.Debug|Any CPU.Build.0 = Debug|Any CPU
		{974A16C2-5AE4-4043-90F6-E71699861041}.Release|Any CPU.ActiveCfg = Release|Any CPU
		{974A16C2-5AE4-4043-90F6-E71699861041}.Release|Any CPU.Build.0 = Release|Any CPU
		{E84F7AC2-432E-4930-8613-968DAB321AA9}.Debug|Any CPU.ActiveCfg = Debug|Any CPU
		{E84F7AC2-432E-4930-8613-968DAB321AA9}.Debug|Any CPU.Build.0 = Debug|Any CPU
		{E84F7AC2-432E-4930-8613-968DAB321AA9}.Release|Any CPU.ActiveCfg = Release|Any CPU
		{E84F7AC2-432E-4930-8613-968DAB321AA9}.Release|Any CPU.Build.0 = Release|Any CPU
		{C2086B0D-0FA3-4F84-A45B-6DF775F9F031}.Debug|Any CPU.ActiveCfg = Debug|Any CPU
		{C2086B0D-0FA3-4F84-A45B-6DF775F9F031}.Debug|Any CPU.Build.0 = Debug|Any CPU
		{C2086B0D-0FA3-4F84-A45B-6DF775F9F031}.Release|Any CPU.ActiveCfg = Release|Any CPU
		{C2086B0D-0FA3-4F84-A45B-6DF775F9F031}.Release|Any CPU.Build.0 = Release|Any CPU
		{B96BCC27-9FBC-4752-A085-776F8AB3340B}.Debug|Any CPU.ActiveCfg = Debug|Any CPU
		{B96BCC27-9FBC-4752-A085-776F8AB3340B}.Debug|Any CPU.Build.0 = Debug|Any CPU
		{B96BCC27-9FBC-4752-A085-776F8AB3340B}.Release|Any CPU.ActiveCfg = Release|Any CPU
		{B96BCC27-9FBC-4752-A085-776F8AB3340B}.Release|Any CPU.Build.0 = Release|Any CPU
		{9C18E2F6-428B-4E65-8445-328F99C2D572}.Debug|Any CPU.ActiveCfg = Debug|Any CPU
		{9C18E2F6-428B-4E65-8445-328F99C2D572}.Debug|Any CPU.Build.0 = Debug|Any CPU
		{9C18E2F6-428B-4E65-8445-328F99C2D572}.Release|Any CPU.ActiveCfg = Release|Any CPU
		{9C18E2F6-428B-4E65-8445-328F99C2D572}.Release|Any CPU.Build.0 = Release|Any CPU
		{F6EA663B-85F5-43AA-8B76-1914D04E4ECC}.Debug|Any CPU.ActiveCfg = Debug|Any CPU
		{F6EA663B-85F5-43AA-8B76-1914D04E4ECC}.Debug|Any CPU.Build.0 = Debug|Any CPU
		{F6EA663B-85F5-43AA-8B76-1914D04E4ECC}.Release|Any CPU.ActiveCfg = Release|Any CPU
		{F6EA663B-85F5-43AA-8B76-1914D04E4ECC}.Release|Any CPU.Build.0 = Release|Any CPU
		{3A6710FC-5DC9-4C8C-91D6-65EA5100EF07}.Debug|Any CPU.ActiveCfg = Debug|Any CPU
		{3A6710FC-5DC9-4C8C-91D6-65EA5100EF07}.Debug|Any CPU.Build.0 = Debug|Any CPU
		{3A6710FC-5DC9-4C8C-91D6-65EA5100EF07}.Release|Any CPU.ActiveCfg = Release|Any CPU
		{3A6710FC-5DC9-4C8C-91D6-65EA5100EF07}.Release|Any CPU.Build.0 = Release|Any CPU
		{4A53E769-B81E-4BF6-B47A-DAE1EBC60D85}.Debug|Any CPU.ActiveCfg = Debug|Any CPU
		{4A53E769-B81E-4BF6-B47A-DAE1EBC60D85}.Debug|Any CPU.Build.0 = Debug|Any CPU
		{4A53E769-B81E-4BF6-B47A-DAE1EBC60D85}.Release|Any CPU.ActiveCfg = Release|Any CPU
		{4A53E769-B81E-4BF6-B47A-DAE1EBC60D85}.Release|Any CPU.Build.0 = Release|Any CPU
		{136081ED-0709-4628-90A5-8CE2E554223D}.Debug|Any CPU.ActiveCfg = Debug|Any CPU
		{136081ED-0709-4628-90A5-8CE2E554223D}.Debug|Any CPU.Build.0 = Debug|Any CPU
		{136081ED-0709-4628-90A5-8CE2E554223D}.Release|Any CPU.ActiveCfg = Release|Any CPU
		{136081ED-0709-4628-90A5-8CE2E554223D}.Release|Any CPU.Build.0 = Release|Any CPU
		{94F1269C-E4A9-4889-8346-4A3DD8495293}.Debug|Any CPU.ActiveCfg = Debug|Any CPU
		{94F1269C-E4A9-4889-8346-4A3DD8495293}.Debug|Any CPU.Build.0 = Debug|Any CPU
		{94F1269C-E4A9-4889-8346-4A3DD8495293}.Release|Any CPU.ActiveCfg = Release|Any CPU
		{94F1269C-E4A9-4889-8346-4A3DD8495293}.Release|Any CPU.Build.0 = Release|Any CPU
		{42F76DC7-DB81-4F98-9D74-258F77732681}.Debug|Any CPU.ActiveCfg = Debug|Any CPU
		{42F76DC7-DB81-4F98-9D74-258F77732681}.Debug|Any CPU.Build.0 = Debug|Any CPU
		{42F76DC7-DB81-4F98-9D74-258F77732681}.Release|Any CPU.ActiveCfg = Release|Any CPU
		{42F76DC7-DB81-4F98-9D74-258F77732681}.Release|Any CPU.Build.0 = Release|Any CPU
		{2E94AB75-0ED9-472A-91E5-90BBB210BFCE}.Debug|Any CPU.ActiveCfg = Debug|Any CPU
		{2E94AB75-0ED9-472A-91E5-90BBB210BFCE}.Debug|Any CPU.Build.0 = Debug|Any CPU
		{2E94AB75-0ED9-472A-91E5-90BBB210BFCE}.Release|Any CPU.ActiveCfg = Release|Any CPU
		{2E94AB75-0ED9-472A-91E5-90BBB210BFCE}.Release|Any CPU.Build.0 = Release|Any CPU
		{FAEB1AF5-8351-4F0D-86B6-97589E75611F}.Debug|Any CPU.ActiveCfg = Debug|Any CPU
		{FAEB1AF5-8351-4F0D-86B6-97589E75611F}.Debug|Any CPU.Build.0 = Debug|Any CPU
		{FAEB1AF5-8351-4F0D-86B6-97589E75611F}.Release|Any CPU.ActiveCfg = Release|Any CPU
		{FAEB1AF5-8351-4F0D-86B6-97589E75611F}.Release|Any CPU.Build.0 = Release|Any CPU
		{932272AB-3C0E-41B9-95D4-2DAC52B81353}.Debug|Any CPU.ActiveCfg = Debug|Any CPU
		{932272AB-3C0E-41B9-95D4-2DAC52B81353}.Debug|Any CPU.Build.0 = Debug|Any CPU
		{932272AB-3C0E-41B9-95D4-2DAC52B81353}.Release|Any CPU.ActiveCfg = Release|Any CPU
		{932272AB-3C0E-41B9-95D4-2DAC52B81353}.Release|Any CPU.Build.0 = Release|Any CPU
		{4648B507-1BD3-4F9C-B329-159115EFA14E}.Debug|Any CPU.ActiveCfg = Debug|Any CPU
		{4648B507-1BD3-4F9C-B329-159115EFA14E}.Debug|Any CPU.Build.0 = Debug|Any CPU
		{4648B507-1BD3-4F9C-B329-159115EFA14E}.Release|Any CPU.ActiveCfg = Release|Any CPU
		{4648B507-1BD3-4F9C-B329-159115EFA14E}.Release|Any CPU.Build.0 = Release|Any CPU
		{48BADF0E-7E49-4CB9-8326-2E755149EABA}.Debug|Any CPU.ActiveCfg = Debug|Any CPU
		{48BADF0E-7E49-4CB9-8326-2E755149EABA}.Debug|Any CPU.Build.0 = Debug|Any CPU
		{48BADF0E-7E49-4CB9-8326-2E755149EABA}.Release|Any CPU.ActiveCfg = Release|Any CPU
		{48BADF0E-7E49-4CB9-8326-2E755149EABA}.Release|Any CPU.Build.0 = Release|Any CPU
		{4065210A-CB87-40DC-95B0-476C85D0BC55}.Debug|Any CPU.ActiveCfg = Debug|Any CPU
		{4065210A-CB87-40DC-95B0-476C85D0BC55}.Debug|Any CPU.Build.0 = Debug|Any CPU
		{4065210A-CB87-40DC-95B0-476C85D0BC55}.Release|Any CPU.ActiveCfg = Release|Any CPU
		{4065210A-CB87-40DC-95B0-476C85D0BC55}.Release|Any CPU.Build.0 = Release|Any CPU
		{9C39EAC4-C325-4528-BEC4-CC7C56DE0641}.Debug|Any CPU.ActiveCfg = Debug|Any CPU
		{9C39EAC4-C325-4528-BEC4-CC7C56DE0641}.Debug|Any CPU.Build.0 = Debug|Any CPU
		{9C39EAC4-C325-4528-BEC4-CC7C56DE0641}.Release|Any CPU.ActiveCfg = Release|Any CPU
		{9C39EAC4-C325-4528-BEC4-CC7C56DE0641}.Release|Any CPU.Build.0 = Release|Any CPU
		{13D7AECC-7297-4D3A-9C69-3525892AF95C}.Debug|Any CPU.ActiveCfg = Debug|Any CPU
		{13D7AECC-7297-4D3A-9C69-3525892AF95C}.Debug|Any CPU.Build.0 = Debug|Any CPU
		{13D7AECC-7297-4D3A-9C69-3525892AF95C}.Release|Any CPU.ActiveCfg = Release|Any CPU
		{13D7AECC-7297-4D3A-9C69-3525892AF95C}.Release|Any CPU.Build.0 = Release|Any CPU
		{DC436346-7BAA-4E35-A7CB-5755B466B849}.Debug|Any CPU.ActiveCfg = Debug|Any CPU
		{DC436346-7BAA-4E35-A7CB-5755B466B849}.Debug|Any CPU.Build.0 = Debug|Any CPU
		{DC436346-7BAA-4E35-A7CB-5755B466B849}.Release|Any CPU.ActiveCfg = Release|Any CPU
		{DC436346-7BAA-4E35-A7CB-5755B466B849}.Release|Any CPU.Build.0 = Release|Any CPU
		{B1418E02-4AF2-4FE3-88E0-45F523FB44DF}.Debug|Any CPU.ActiveCfg = Debug|Any CPU
		{B1418E02-4AF2-4FE3-88E0-45F523FB44DF}.Debug|Any CPU.Build.0 = Debug|Any CPU
		{B1418E02-4AF2-4FE3-88E0-45F523FB44DF}.Release|Any CPU.ActiveCfg = Release|Any CPU
		{B1418E02-4AF2-4FE3-88E0-45F523FB44DF}.Release|Any CPU.Build.0 = Release|Any CPU
		{B8404302-215D-4EC5-A3A4-64591C04B2C3}.Debug|Any CPU.ActiveCfg = Debug|Any CPU
		{B8404302-215D-4EC5-A3A4-64591C04B2C3}.Debug|Any CPU.Build.0 = Debug|Any CPU
		{B8404302-215D-4EC5-A3A4-64591C04B2C3}.Release|Any CPU.ActiveCfg = Release|Any CPU
		{B8404302-215D-4EC5-A3A4-64591C04B2C3}.Release|Any CPU.Build.0 = Release|Any CPU
		{9B144CCA-8ED7-4E04-B2CF-6211914CA5F8}.Debug|Any CPU.ActiveCfg = Debug|Any CPU
		{9B144CCA-8ED7-4E04-B2CF-6211914CA5F8}.Debug|Any CPU.Build.0 = Debug|Any CPU
		{9B144CCA-8ED7-4E04-B2CF-6211914CA5F8}.Release|Any CPU.ActiveCfg = Release|Any CPU
		{9B144CCA-8ED7-4E04-B2CF-6211914CA5F8}.Release|Any CPU.Build.0 = Release|Any CPU
		{EF44EB5D-BC1C-409A-91D8-FD8808708985}.Debug|Any CPU.ActiveCfg = Debug|Any CPU
		{EF44EB5D-BC1C-409A-91D8-FD8808708985}.Debug|Any CPU.Build.0 = Debug|Any CPU
		{EF44EB5D-BC1C-409A-91D8-FD8808708985}.Release|Any CPU.ActiveCfg = Release|Any CPU
		{EF44EB5D-BC1C-409A-91D8-FD8808708985}.Release|Any CPU.Build.0 = Release|Any CPU
		{AF430D0C-5CFB-4D08-BBF8-674DAD8B635C}.Debug|Any CPU.ActiveCfg = Debug|Any CPU
		{AF430D0C-5CFB-4D08-BBF8-674DAD8B635C}.Debug|Any CPU.Build.0 = Debug|Any CPU
		{AF430D0C-5CFB-4D08-BBF8-674DAD8B635C}.Release|Any CPU.ActiveCfg = Release|Any CPU
		{AF430D0C-5CFB-4D08-BBF8-674DAD8B635C}.Release|Any CPU.Build.0 = Release|Any CPU
		{36CBDD9A-990F-45A8-9AF8-7BABFD692FEF}.Debug|Any CPU.ActiveCfg = Debug|Any CPU
		{36CBDD9A-990F-45A8-9AF8-7BABFD692FEF}.Debug|Any CPU.Build.0 = Debug|Any CPU
		{36CBDD9A-990F-45A8-9AF8-7BABFD692FEF}.Release|Any CPU.ActiveCfg = Release|Any CPU
		{36CBDD9A-990F-45A8-9AF8-7BABFD692FEF}.Release|Any CPU.Build.0 = Release|Any CPU
		{CD79E88E-01B3-4D95-8E53-A10F616CF817}.Debug|Any CPU.ActiveCfg = Debug|Any CPU
		{CD79E88E-01B3-4D95-8E53-A10F616CF817}.Debug|Any CPU.Build.0 = Debug|Any CPU
		{CD79E88E-01B3-4D95-8E53-A10F616CF817}.Release|Any CPU.ActiveCfg = Release|Any CPU
		{CD79E88E-01B3-4D95-8E53-A10F616CF817}.Release|Any CPU.Build.0 = Release|Any CPU
		{BADE137C-9D11-41AB-B0DE-4172CFA34BE8}.Debug|Any CPU.ActiveCfg = Debug|Any CPU
		{BADE137C-9D11-41AB-B0DE-4172CFA34BE8}.Debug|Any CPU.Build.0 = Debug|Any CPU
		{BADE137C-9D11-41AB-B0DE-4172CFA34BE8}.Release|Any CPU.ActiveCfg = Release|Any CPU
		{BADE137C-9D11-41AB-B0DE-4172CFA34BE8}.Release|Any CPU.Build.0 = Release|Any CPU
		{653EB8CF-8C80-43CF-8D30-38065B193B9E}.Debug|Any CPU.ActiveCfg = Debug|Any CPU
		{653EB8CF-8C80-43CF-8D30-38065B193B9E}.Debug|Any CPU.Build.0 = Debug|Any CPU
		{653EB8CF-8C80-43CF-8D30-38065B193B9E}.Release|Any CPU.ActiveCfg = Release|Any CPU
		{653EB8CF-8C80-43CF-8D30-38065B193B9E}.Release|Any CPU.Build.0 = Release|Any CPU
		{E752F67F-D5F8-43D8-946E-E8D729FE3151}.Debug|Any CPU.ActiveCfg = Debug|Any CPU
		{E752F67F-D5F8-43D8-946E-E8D729FE3151}.Debug|Any CPU.Build.0 = Debug|Any CPU
		{E752F67F-D5F8-43D8-946E-E8D729FE3151}.Release|Any CPU.ActiveCfg = Release|Any CPU
		{E752F67F-D5F8-43D8-946E-E8D729FE3151}.Release|Any CPU.Build.0 = Release|Any CPU
		{7408B53D-F89C-4C66-BEC5-18EADBDAD803}.Debug|Any CPU.ActiveCfg = Debug|Any CPU
		{7408B53D-F89C-4C66-BEC5-18EADBDAD803}.Debug|Any CPU.Build.0 = Debug|Any CPU
		{7408B53D-F89C-4C66-BEC5-18EADBDAD803}.Release|Any CPU.ActiveCfg = Release|Any CPU
		{7408B53D-F89C-4C66-BEC5-18EADBDAD803}.Release|Any CPU.Build.0 = Release|Any CPU
		{1559C708-8C1E-4451-9BA4-DC94F5E68EB0}.Debug|Any CPU.ActiveCfg = Debug|Any CPU
		{1559C708-8C1E-4451-9BA4-DC94F5E68EB0}.Debug|Any CPU.Build.0 = Debug|Any CPU
		{1559C708-8C1E-4451-9BA4-DC94F5E68EB0}.Release|Any CPU.ActiveCfg = Release|Any CPU
		{1559C708-8C1E-4451-9BA4-DC94F5E68EB0}.Release|Any CPU.Build.0 = Release|Any CPU
		{A8AB4247-0145-469F-BD8B-2CDB914B48F9}.Debug|Any CPU.ActiveCfg = Debug|Any CPU
		{A8AB4247-0145-469F-BD8B-2CDB914B48F9}.Debug|Any CPU.Build.0 = Debug|Any CPU
		{A8AB4247-0145-469F-BD8B-2CDB914B48F9}.Release|Any CPU.ActiveCfg = Release|Any CPU
		{A8AB4247-0145-469F-BD8B-2CDB914B48F9}.Release|Any CPU.Build.0 = Release|Any CPU
		{A9A53A81-0860-4C81-BDA3-69C21BC8324B}.Debug|Any CPU.ActiveCfg = Debug|Any CPU
		{A9A53A81-0860-4C81-BDA3-69C21BC8324B}.Debug|Any CPU.Build.0 = Debug|Any CPU
		{A9A53A81-0860-4C81-BDA3-69C21BC8324B}.Release|Any CPU.ActiveCfg = Release|Any CPU
		{A9A53A81-0860-4C81-BDA3-69C21BC8324B}.Release|Any CPU.Build.0 = Release|Any CPU
		{F948C258-6F0A-45E5-BE81-E3E5B5076D93}.Debug|Any CPU.ActiveCfg = Debug|Any CPU
		{F948C258-6F0A-45E5-BE81-E3E5B5076D93}.Debug|Any CPU.Build.0 = Debug|Any CPU
		{F948C258-6F0A-45E5-BE81-E3E5B5076D93}.Release|Any CPU.ActiveCfg = Release|Any CPU
		{F948C258-6F0A-45E5-BE81-E3E5B5076D93}.Release|Any CPU.Build.0 = Release|Any CPU
		{7DAABCDA-8253-411B-86E5-5D9C92EC7479}.Debug|Any CPU.ActiveCfg = Debug|Any CPU
		{7DAABCDA-8253-411B-86E5-5D9C92EC7479}.Debug|Any CPU.Build.0 = Debug|Any CPU
		{7DAABCDA-8253-411B-86E5-5D9C92EC7479}.Release|Any CPU.ActiveCfg = Release|Any CPU
		{7DAABCDA-8253-411B-86E5-5D9C92EC7479}.Release|Any CPU.Build.0 = Release|Any CPU
		{C41DDB59-9A70-4B9D-9C46-F7B60BD12F33}.Debug|Any CPU.ActiveCfg = Debug|Any CPU
		{C41DDB59-9A70-4B9D-9C46-F7B60BD12F33}.Debug|Any CPU.Build.0 = Debug|Any CPU
		{C41DDB59-9A70-4B9D-9C46-F7B60BD12F33}.Release|Any CPU.ActiveCfg = Release|Any CPU
		{C41DDB59-9A70-4B9D-9C46-F7B60BD12F33}.Release|Any CPU.Build.0 = Release|Any CPU
		{8FF237FA-9D4E-4E66-A8E9-EBBA59C3CA0A}.Debug|Any CPU.ActiveCfg = Debug|Any CPU
		{8FF237FA-9D4E-4E66-A8E9-EBBA59C3CA0A}.Debug|Any CPU.Build.0 = Debug|Any CPU
		{8FF237FA-9D4E-4E66-A8E9-EBBA59C3CA0A}.Release|Any CPU.ActiveCfg = Release|Any CPU
		{8FF237FA-9D4E-4E66-A8E9-EBBA59C3CA0A}.Release|Any CPU.Build.0 = Release|Any CPU
		{7502A1C0-549C-4AF3-B3BB-FD775E5E4359}.Debug|Any CPU.ActiveCfg = Debug|Any CPU
		{7502A1C0-549C-4AF3-B3BB-FD775E5E4359}.Debug|Any CPU.Build.0 = Debug|Any CPU
		{7502A1C0-549C-4AF3-B3BB-FD775E5E4359}.Release|Any CPU.ActiveCfg = Release|Any CPU
		{7502A1C0-549C-4AF3-B3BB-FD775E5E4359}.Release|Any CPU.Build.0 = Release|Any CPU
		{6741C1EC-D8F3-4B11-B1ED-6ED9DF4944D7}.Debug|Any CPU.ActiveCfg = Debug|Any CPU
		{6741C1EC-D8F3-4B11-B1ED-6ED9DF4944D7}.Debug|Any CPU.Build.0 = Debug|Any CPU
		{6741C1EC-D8F3-4B11-B1ED-6ED9DF4944D7}.Release|Any CPU.ActiveCfg = Release|Any CPU
		{6741C1EC-D8F3-4B11-B1ED-6ED9DF4944D7}.Release|Any CPU.Build.0 = Release|Any CPU
		{21C65EE0-06C2-4B5D-88F8-2A5F05F0009B}.Debug|Any CPU.ActiveCfg = Debug|Any CPU
		{21C65EE0-06C2-4B5D-88F8-2A5F05F0009B}.Debug|Any CPU.Build.0 = Debug|Any CPU
		{21C65EE0-06C2-4B5D-88F8-2A5F05F0009B}.Release|Any CPU.ActiveCfg = Release|Any CPU
		{21C65EE0-06C2-4B5D-88F8-2A5F05F0009B}.Release|Any CPU.Build.0 = Release|Any CPU
	EndGlobalSection
	GlobalSection(SolutionProperties) = preSolution
		HideSolutionNode = FALSE
	EndGlobalSection
	GlobalSection(ExtensibilityGlobals) = postSolution
		SolutionGuid = {2E079C03-A546-4130-A72E-E9AEF96EAF5B}
	EndGlobalSection
EndGlobal
