
Microsoft Visual Studio Solution File, Format Version 12.00
# Visual Studio Version 17
VisualStudioVersion = 17.4.33103.184
MinimumVisualStudioVersion = 10.0.40219.1
Project("{FAE04EC0-301F-11D3-BF4B-00C04F79EFBC}") = "StockData.Worker", "StockData.Worker\StockData.Worker.csproj", "{12A9C41E-1D0F-42CB-B412-0B1255CEACC7}"
EndProject
Project("{FAE04EC0-301F-11D3-BF4B-00C04F79EFBC}") = "Infrastructure.StockData", "Infrastructure.StockData\Infrastructure.StockData.csproj", "{D5F1EC1C-A176-44E6-B416-9CB3C94D15DD}"
EndProject
Global
	GlobalSection(SolutionConfigurationPlatforms) = preSolution
		Debug|Any CPU = Debug|Any CPU
		Release|Any CPU = Release|Any CPU
	EndGlobalSection
	GlobalSection(ProjectConfigurationPlatforms) = postSolution
		{12A9C41E-1D0F-42CB-B412-0B1255CEACC7}.Debug|Any CPU.ActiveCfg = Debug|Any CPU
		{12A9C41E-1D0F-42CB-B412-0B1255CEACC7}.Debug|Any CPU.Build.0 = Debug|Any CPU
		{12A9C41E-1D0F-42CB-B412-0B1255CEACC7}.Release|Any CPU.ActiveCfg = Release|Any CPU
		{12A9C41E-1D0F-42CB-B412-0B1255CEACC7}.Release|Any CPU.Build.0 = Release|Any CPU
		{D5F1EC1C-A176-44E6-B416-9CB3C94D15DD}.Debug|Any CPU.ActiveCfg = Debug|Any CPU
		{D5F1EC1C-A176-44E6-B416-9CB3C94D15DD}.Debug|Any CPU.Build.0 = Debug|Any CPU
		{D5F1EC1C-A176-44E6-B416-9CB3C94D15DD}.Release|Any CPU.ActiveCfg = Release|Any CPU
		{D5F1EC1C-A176-44E6-B416-9CB3C94D15DD}.Release|Any CPU.Build.0 = Release|Any CPU
	EndGlobalSection
	GlobalSection(SolutionProperties) = preSolution
		HideSolutionNode = FALSE
	EndGlobalSection
	GlobalSection(ExtensibilityGlobals) = postSolution
		SolutionGuid = {DDD29BBA-00C6-4C0F-B2DF-DC8DEE8F13C0}
	EndGlobalSection
EndGlobal
