
Microsoft Visual Studio Solution File, Format Version 12.00
# Visual Studio Version 17
VisualStudioVersion = 17.1.32421.90
MinimumVisualStudioVersion = 10.0.40219.1
Project("{9A19103F-16F7-4668-BE54-9A1E7A4F7556}") = "Reflection", "Reflection\Reflection.csproj", "{A060A81D-8F09-491D-9CA2-59DA5E8D7811}"
EndProject
Project("{FAE04EC0-301F-11D3-BF4B-00C04F79EFBC}") = "Assignment--1", "Assignment--1\Assignment--1.csproj", "{DE869EFD-D836-434A-95E0-549492F60D34}"
EndProject
Global
	GlobalSection(SolutionConfigurationPlatforms) = preSolution
		Debug|Any CPU = Debug|Any CPU
		Release|Any CPU = Release|Any CPU
	EndGlobalSection
	GlobalSection(ProjectConfigurationPlatforms) = postSolution
		{A060A81D-8F09-491D-9CA2-59DA5E8D7811}.Debug|Any CPU.ActiveCfg = Debug|Any CPU
		{A060A81D-8F09-491D-9CA2-59DA5E8D7811}.Debug|Any CPU.Build.0 = Debug|Any CPU
		{A060A81D-8F09-491D-9CA2-59DA5E8D7811}.Release|Any CPU.ActiveCfg = Release|Any CPU
		{A060A81D-8F09-491D-9CA2-59DA5E8D7811}.Release|Any CPU.Build.0 = Release|Any CPU
		{DE869EFD-D836-434A-95E0-549492F60D34}.Debug|Any CPU.ActiveCfg = Debug|Any CPU
		{DE869EFD-D836-434A-95E0-549492F60D34}.Debug|Any CPU.Build.0 = Debug|Any CPU
		{DE869EFD-D836-434A-95E0-549492F60D34}.Release|Any CPU.ActiveCfg = Release|Any CPU
		{DE869EFD-D836-434A-95E0-549492F60D34}.Release|Any CPU.Build.0 = Release|Any CPU
	EndGlobalSection
	GlobalSection(SolutionProperties) = preSolution
		HideSolutionNode = FALSE
	EndGlobalSection
	GlobalSection(ExtensibilityGlobals) = postSolution
		SolutionGuid = {2F923CD3-7A68-4120-A253-A97A2B6FA658}
	EndGlobalSection
EndGlobal
